Microsoft Visual Studio Solution File, Format Version 11.00
# Visual Studio 2008

Project("{217FE7B7-B91C-D268-AF3E-4C638A66D7E6}") = "trigger_test", "Assembly-UnityScript.unityproj", "{F56FE0B6-EE01-4F46-A9F7-9D659E0098D7}"
EndProject
Global
	GlobalSection(SolutionConfigurationPlatforms) = preSolution
		Debug|Any CPU = Debug|Any CPU
		Release|Any CPU = Release|Any CPU
	EndGlobalSection
	GlobalSection(ProjectConfigurationPlatforms) = postSolution
		{F56FE0B6-EE01-4F46-A9F7-9D659E0098D7}.Debug|Any CPU.ActiveCfg = Debug|Any CPU
		{F56FE0B6-EE01-4F46-A9F7-9D659E0098D7}.Debug|Any CPU.Build.0 = Debug|Any CPU
		{F56FE0B6-EE01-4F46-A9F7-9D659E0098D7}.Release|Any CPU.ActiveCfg = Release|Any CPU
		{F56FE0B6-EE01-4F46-A9F7-9D659E0098D7}.Release|Any CPU.Build.0 = Release|Any CPU
	EndGlobalSection
	GlobalSection(SolutionProperties) = preSolution
		HideSolutionNode = FALSE
	EndGlobalSection
	GlobalSection(MonoDevelopProperties) = preSolution
		StartupItem = Assembly-CSharp.csproj
	EndGlobalSection
EndGlobal
