Microsoft Visual Studio Solution File, Format Version 11.00
# Visual Studio 2008

Project("{A1E0E4E8-D902-4D6C-8F22-1EAC9674E9A0}") = "Jaimy", "Assembly-UnityScript.unityproj", "{3C14B03E-5B4D-9C54-32A3-332960293DD5}"
EndProject
Global
	GlobalSection(SolutionConfigurationPlatforms) = preSolution
		Debug|Any CPU = Debug|Any CPU
		Release|Any CPU = Release|Any CPU
	EndGlobalSection
	GlobalSection(ProjectConfigurationPlatforms) = postSolution
		{3C14B03E-5B4D-9C54-32A3-332960293DD5}.Debug|Any CPU.ActiveCfg = Debug|Any CPU
		{3C14B03E-5B4D-9C54-32A3-332960293DD5}.Debug|Any CPU.Build.0 = Debug|Any CPU
		{3C14B03E-5B4D-9C54-32A3-332960293DD5}.Release|Any CPU.ActiveCfg = Release|Any CPU
		{3C14B03E-5B4D-9C54-32A3-332960293DD5}.Release|Any CPU.Build.0 = Release|Any CPU
	EndGlobalSection
	GlobalSection(SolutionProperties) = preSolution
		HideSolutionNode = FALSE
	EndGlobalSection
	GlobalSection(MonoDevelopProperties) = preSolution
		StartupItem = Assembly-CSharp.csproj
	EndGlobalSection
EndGlobal
