Microsoft Visual Studio Solution File, Format Version 11.00
# Visual Studio 2008

Project("{558CC709-7D14-546E-9B63-B46EC1749735}") = "Maze 2.0", "Assembly-UnityScript.unityproj", "{1F1B75C6-AAD2-7C19-E3CC-E7753B02083C}"
EndProject
Global
	GlobalSection(SolutionConfigurationPlatforms) = preSolution
		Debug|Any CPU = Debug|Any CPU
		Release|Any CPU = Release|Any CPU
	EndGlobalSection
	GlobalSection(ProjectConfigurationPlatforms) = postSolution
		{1F1B75C6-AAD2-7C19-E3CC-E7753B02083C}.Debug|Any CPU.ActiveCfg = Debug|Any CPU
		{1F1B75C6-AAD2-7C19-E3CC-E7753B02083C}.Debug|Any CPU.Build.0 = Debug|Any CPU
		{1F1B75C6-AAD2-7C19-E3CC-E7753B02083C}.Release|Any CPU.ActiveCfg = Release|Any CPU
		{1F1B75C6-AAD2-7C19-E3CC-E7753B02083C}.Release|Any CPU.Build.0 = Release|Any CPU
	EndGlobalSection
	GlobalSection(SolutionProperties) = preSolution
		HideSolutionNode = FALSE
	EndGlobalSection
	GlobalSection(MonoDevelopProperties) = preSolution
		StartupItem = Assembly-CSharp.csproj
	EndGlobalSection
EndGlobal
